
Microsoft Visual Studio Solution File, Format Version 12.00
# Visual Studio Version 17
VisualStudioVersion = 17.4.33122.133
MinimumVisualStudioVersion = 10.0.40219.1
Project("{FAE04EC0-301F-11D3-BF4B-00C04F79EFBC}") = "Mastermind", "Mastermind.csproj", "{269E1B57-DFA8-42D6-B47B-B5124D416AFE}"
EndProject
Global
	GlobalSection(SolutionConfigurationPlatforms) = preSolution
		Debug|Any CPU = Debug|Any CPU
		Release|Any CPU = Release|Any CPU
	EndGlobalSection
	GlobalSection(ProjectConfigurationPlatforms) = postSolution
		{269E1B57-DFA8-42D6-B47B-B5124D416AFE}.Debug|Any CPU.ActiveCfg = Debug|Any CPU
		{269E1B57-DFA8-42D6-B47B-B5124D416AFE}.Debug|Any CPU.Build.0 = Debug|Any CPU
		{269E1B57-DFA8-42D6-B47B-B5124D416AFE}.Release|Any CPU.ActiveCfg = Release|Any CPU
		{269E1B57-DFA8-42D6-B47B-B5124D416AFE}.Release|Any CPU.Build.0 = Release|Any CPU
	EndGlobalSection
	GlobalSection(SolutionProperties) = preSolution
		HideSolutionNode = FALSE
	EndGlobalSection
	GlobalSection(ExtensibilityGlobals) = postSolution
		SolutionGuid = {32C710AB-857E-4FA5-AF6A-6BE24A4EE140}
	EndGlobalSection
EndGlobal
